
Microsoft Visual Studio Solution File, Format Version 12.00
# Visual Studio Version 17
VisualStudioVersion = 17.9.34622.214
MinimumVisualStudioVersion = 10.0.40219.1
Project("{FAE04EC0-301F-11D3-BF4B-00C04F79EFBC}") = "CICDTest", "CICDTest\CICDTest.csproj", "{37F47DC1-4AF0-45CD-B655-4D018F241EFB}"
EndProject
Project("{FAE04EC0-301F-11D3-BF4B-00C04F79EFBC}") = "CICDTest.Tests", "CICDTest.Tests\CICDTest.Tests.csproj", "{1DAB71D7-A4BD-483E-BE9F-73DC9672A9CE}"
EndProject
Global
	GlobalSection(SolutionConfigurationPlatforms) = preSolution
		Debug|Any CPU = Debug|Any CPU
		Release|Any CPU = Release|Any CPU
	EndGlobalSection
	GlobalSection(ProjectConfigurationPlatforms) = postSolution
		{37F47DC1-4AF0-45CD-B655-4D018F241EFB}.Debug|Any CPU.ActiveCfg = Debug|Any CPU
		{37F47DC1-4AF0-45CD-B655-4D018F241EFB}.Debug|Any CPU.Build.0 = Debug|Any CPU
		{37F47DC1-4AF0-45CD-B655-4D018F241EFB}.Release|Any CPU.ActiveCfg = Release|Any CPU
		{37F47DC1-4AF0-45CD-B655-4D018F241EFB}.Release|Any CPU.Build.0 = Release|Any CPU
		{1DAB71D7-A4BD-483E-BE9F-73DC9672A9CE}.Debug|Any CPU.ActiveCfg = Debug|Any CPU
		{1DAB71D7-A4BD-483E-BE9F-73DC9672A9CE}.Debug|Any CPU.Build.0 = Debug|Any CPU
		{1DAB71D7-A4BD-483E-BE9F-73DC9672A9CE}.Release|Any CPU.ActiveCfg = Release|Any CPU
		{1DAB71D7-A4BD-483E-BE9F-73DC9672A9CE}.Release|Any CPU.Build.0 = Release|Any CPU
	EndGlobalSection
	GlobalSection(SolutionProperties) = preSolution
		HideSolutionNode = FALSE
	EndGlobalSection
	GlobalSection(ExtensibilityGlobals) = postSolution
		SolutionGuid = {18839239-E835-4A90-BC8E-9F87967DD8D1}
	EndGlobalSection
EndGlobal
